{
  "nodes": {
    "nixpkgs": {
      "locked": {
        "lastModified": 1743080597,
        "narHash": "sha256-UQwJgAe80hyILxk8sNSH2DCGDpHTYjtzld8uZv0nUes=",
        "owner": "NixOS",
        "repo": "nixpkgs",
        "rev": "2332f3658f3f9c0b7c5c8357329c0737d5757331",
        "type": "github"
      },
      "original": {
        "owner": "NixOS",
        "ref": "release-24.11",
        "repo": "nixpkgs",
        "type": "github"
      }
    },
    "root": {
      "inputs": {
        "nixpkgs": "nixpkgs"
      }
    }
  },
  "root": "root",
  "version": 7
}
